github.com/gilbert-rehling/go-api v0.0.0-20200202111313-b241381203a2 h1:QS1I+3UaR3DFSFcI+5n6y1lLX8p8dEDFK9KE3pkqJkc=
github.com/gilbert-rehling/go-api/models v0.0.0-20200202125757-4822ababb326 h1:Rv6eEqzORLlxFL8lUg5v2jdfN659HBtpSIzntigQLrs=
github.com/gilbert-rehling/go-api/models v0.0.0-20200202125757-4822ababb326/go.mod h1:IasAakvpTfwkwwi7qTjg/jnDMvE1X7p/tWebTW3rk8E=
