github.com/gilbert-rehling/go-api v0.0.0-20200203015753-cf9bdc4b686a h1:Gq2Rcsb4ZZMB1x1WXLlTd58a3lJBoFVu37P9X9CMEk0=
github.com/gilbert-rehling/go-api/models v0.0.0-20200203015753-cf9bdc4b686a h1:cZiItisU03L2xxjQK/GSnTEbPyHxPZXCcvCCNmeIEs4=
github.com/gilbert-rehling/go-api/models v0.0.0-20200203015753-cf9bdc4b686a/go.mod h1:IasAakvpTfwkwwi7qTjg/jnDMvE1X7p/tWebTW3rk8E=
